
Microsoft Visual Studio Solution File, Format Version 12.00
# Visual Studio Version 17
VisualStudioVersion = 17.10.34916.146
MinimumVisualStudioVersion = 10.0.40219.1
Project("{FAE04EC0-301F-11D3-BF4B-00C04F79EFBC}") = "BetterSchool", "BetterSchool.csproj", "{A9F6DCDF-93A5-4F92-9E00-03598F18CD0B}"
EndProject
Global
	GlobalSection(SolutionConfigurationPlatforms) = preSolution
		Debug|Any CPU = Debug|Any CPU
		Release|Any CPU = Release|Any CPU
	EndGlobalSection
	GlobalSection(ProjectConfigurationPlatforms) = postSolution
		{A9F6DCDF-93A5-4F92-9E00-03598F18CD0B}.Debug|Any CPU.ActiveCfg = Debug|Any CPU
		{A9F6DCDF-93A5-4F92-9E00-03598F18CD0B}.Debug|Any CPU.Build.0 = Debug|Any CPU
		{A9F6DCDF-93A5-4F92-9E00-03598F18CD0B}.Release|Any CPU.ActiveCfg = Release|Any CPU
		{A9F6DCDF-93A5-4F92-9E00-03598F18CD0B}.Release|Any CPU.Build.0 = Release|Any CPU
	EndGlobalSection
	GlobalSection(SolutionProperties) = preSolution
		HideSolutionNode = FALSE
	EndGlobalSection
	GlobalSection(ExtensibilityGlobals) = postSolution
		SolutionGuid = {164D5635-C195-4F21-9C16-704C425743D7}
	EndGlobalSection
EndGlobal
